
Microsoft Visual Studio Solution File, Format Version 12.00
# Visual Studio Version 17
VisualStudioVersion = 17.12.35707.178
MinimumVisualStudioVersion = 10.0.40219.1
Project("{FAE04EC0-301F-11D3-BF4B-00C04F79EFBC}") = "AddressBook_App", "AddressBook_App\AddressBook_App.csproj", "{EC91C4EE-203D-4D91-BA45-787DCF17143C}"
EndProject
Project("{FAE04EC0-301F-11D3-BF4B-00C04F79EFBC}") = "BusinessLayer", "BusinessLayer\BusinessLayer.csproj", "{62992EFC-11AA-431C-8D80-1C39B9A15C9E}"
EndProject
Project("{FAE04EC0-301F-11D3-BF4B-00C04F79EFBC}") = "RepositoryLayer", "RepositoryLayer\RepositoryLayer.csproj", "{B103DA29-389A-4AE8-9CFB-820CB0EE394E}"
EndProject
Project("{FAE04EC0-301F-11D3-BF4B-00C04F79EFBC}") = "ModelLayer", "ModelLayer\ModelLayer.csproj", "{5DFC8CAA-5E7C-449D-BB6A-48557467AFBA}"
EndProject
Project("{FAE04EC0-301F-11D3-BF4B-00C04F79EFBC}") = "CacheLayer", "CacheLayer\CacheLayer.csproj", "{6AA52422-747B-4174-9CDD-864AECD72203}"
EndProject
Project("{FAE04EC0-301F-11D3-BF4B-00C04F79EFBC}") = "Middleware", "Middleware\Middleware.csproj", "{BC861796-B82A-4B14-9326-58C8BBFFE32D}"
EndProject
Global
	GlobalSection(SolutionConfigurationPlatforms) = preSolution
		Debug|Any CPU = Debug|Any CPU
		Release|Any CPU = Release|Any CPU
	EndGlobalSection
	GlobalSection(ProjectConfigurationPlatforms) = postSolution
		{EC91C4EE-203D-4D91-BA45-787DCF17143C}.Debug|Any CPU.ActiveCfg = Debug|Any CPU
		{EC91C4EE-203D-4D91-BA45-787DCF17143C}.Debug|Any CPU.Build.0 = Debug|Any CPU
		{EC91C4EE-203D-4D91-BA45-787DCF17143C}.Release|Any CPU.ActiveCfg = Release|Any CPU
		{EC91C4EE-203D-4D91-BA45-787DCF17143C}.Release|Any CPU.Build.0 = Release|Any CPU
		{62992EFC-11AA-431C-8D80-1C39B9A15C9E}.Debug|Any CPU.ActiveCfg = Debug|Any CPU
		{62992EFC-11AA-431C-8D80-1C39B9A15C9E}.Debug|Any CPU.Build.0 = Debug|Any CPU
		{62992EFC-11AA-431C-8D80-1C39B9A15C9E}.Release|Any CPU.ActiveCfg = Release|Any CPU
		{62992EFC-11AA-431C-8D80-1C39B9A15C9E}.Release|Any CPU.Build.0 = Release|Any CPU
		{B103DA29-389A-4AE8-9CFB-820CB0EE394E}.Debug|Any CPU.ActiveCfg = Debug|Any CPU
		{B103DA29-389A-4AE8-9CFB-820CB0EE394E}.Debug|Any CPU.Build.0 = Debug|Any CPU
		{B103DA29-389A-4AE8-9CFB-820CB0EE394E}.Release|Any CPU.ActiveCfg = Release|Any CPU
		{B103DA29-389A-4AE8-9CFB-820CB0EE394E}.Release|Any CPU.Build.0 = Release|Any CPU
		{5DFC8CAA-5E7C-449D-BB6A-48557467AFBA}.Debug|Any CPU.ActiveCfg = Debug|Any CPU
		{5DFC8CAA-5E7C-449D-BB6A-48557467AFBA}.Debug|Any CPU.Build.0 = Debug|Any CPU
		{5DFC8CAA-5E7C-449D-BB6A-48557467AFBA}.Release|Any CPU.ActiveCfg = Release|Any CPU
		{5DFC8CAA-5E7C-449D-BB6A-48557467AFBA}.Release|Any CPU.Build.0 = Release|Any CPU
		{6AA52422-747B-4174-9CDD-864AECD72203}.Debug|Any CPU.ActiveCfg = Debug|Any CPU
		{6AA52422-747B-4174-9CDD-864AECD72203}.Debug|Any CPU.Build.0 = Debug|Any CPU
		{6AA52422-747B-4174-9CDD-864AECD72203}.Release|Any CPU.ActiveCfg = Release|Any CPU
		{6AA52422-747B-4174-9CDD-864AECD72203}.Release|Any CPU.Build.0 = Release|Any CPU
		{BC861796-B82A-4B14-9326-58C8BBFFE32D}.Debug|Any CPU.ActiveCfg = Debug|Any CPU
		{BC861796-B82A-4B14-9326-58C8BBFFE32D}.Debug|Any CPU.Build.0 = Debug|Any CPU
		{BC861796-B82A-4B14-9326-58C8BBFFE32D}.Release|Any CPU.ActiveCfg = Release|Any CPU
		{BC861796-B82A-4B14-9326-58C8BBFFE32D}.Release|Any CPU.Build.0 = Release|Any CPU
	EndGlobalSection
	GlobalSection(SolutionProperties) = preSolution
		HideSolutionNode = FALSE
	EndGlobalSection
EndGlobal
